
Microsoft Visual Studio Solution File, Format Version 12.00
# Visual Studio Version 17
VisualStudioVersion = 17.0.31903.59
MinimumVisualStudioVersion = 10.0.40219.1
Project("{9A19103F-16F7-4668-BE54-9A1E7A4F7556}") = "EmployeeApp.Api", "EmployeeApp.Api\EmployeeApp.Api.csproj", "{B8D810E1-748F-436E-B971-709C1938ED42}"
EndProject
Project("{9A19103F-16F7-4668-BE54-9A1E7A4F7556}") = "EmployeeApp.Domain", "EmployeeApp.Domain\EmployeeApp.Domain.csproj", "{F3F4C00D-95DB-4C12-A945-BBB7285DDBF8}"
EndProject
Project("{9A19103F-16F7-4668-BE54-9A1E7A4F7556}") = "EmployeeApp.DAL", "EmployeeApp.DAL\EmployeeApp.DAL.csproj", "{EAD7B0DA-FFDD-4CD0-B47C-082E939A686C}"
EndProject
Project("{9A19103F-16F7-4668-BE54-9A1E7A4F7556}") = "EmployeeApp.Service", "EmployeeApp.Service\EmployeeApp.Service.csproj", "{6273EBFD-6738-4ACE-861C-0BC15D8695A1}"
EndProject
Project("{FAE04EC0-301F-11D3-BF4B-00C04F79EFBC}") = "EmployeeApp.Utils", "EmployeeApp.Utils\EmployeeApp.Utils.csproj", "{03225929-E74E-44F0-A837-78FFF9E05437}"
EndProject
Global
	GlobalSection(SolutionConfigurationPlatforms) = preSolution
		Debug|Any CPU = Debug|Any CPU
		Release|Any CPU = Release|Any CPU
	EndGlobalSection
	GlobalSection(ProjectConfigurationPlatforms) = postSolution
		{B8D810E1-748F-436E-B971-709C1938ED42}.Debug|Any CPU.ActiveCfg = Debug|Any CPU
		{B8D810E1-748F-436E-B971-709C1938ED42}.Debug|Any CPU.Build.0 = Debug|Any CPU
		{B8D810E1-748F-436E-B971-709C1938ED42}.Release|Any CPU.ActiveCfg = Release|Any CPU
		{B8D810E1-748F-436E-B971-709C1938ED42}.Release|Any CPU.Build.0 = Release|Any CPU
		{F3F4C00D-95DB-4C12-A945-BBB7285DDBF8}.Debug|Any CPU.ActiveCfg = Debug|Any CPU
		{F3F4C00D-95DB-4C12-A945-BBB7285DDBF8}.Debug|Any CPU.Build.0 = Debug|Any CPU
		{F3F4C00D-95DB-4C12-A945-BBB7285DDBF8}.Release|Any CPU.ActiveCfg = Release|Any CPU
		{F3F4C00D-95DB-4C12-A945-BBB7285DDBF8}.Release|Any CPU.Build.0 = Release|Any CPU
		{EAD7B0DA-FFDD-4CD0-B47C-082E939A686C}.Debug|Any CPU.ActiveCfg = Debug|Any CPU
		{EAD7B0DA-FFDD-4CD0-B47C-082E939A686C}.Debug|Any CPU.Build.0 = Debug|Any CPU
		{EAD7B0DA-FFDD-4CD0-B47C-082E939A686C}.Release|Any CPU.ActiveCfg = Release|Any CPU
		{EAD7B0DA-FFDD-4CD0-B47C-082E939A686C}.Release|Any CPU.Build.0 = Release|Any CPU
		{6273EBFD-6738-4ACE-861C-0BC15D8695A1}.Debug|Any CPU.ActiveCfg = Debug|Any CPU
		{6273EBFD-6738-4ACE-861C-0BC15D8695A1}.Debug|Any CPU.Build.0 = Debug|Any CPU
		{6273EBFD-6738-4ACE-861C-0BC15D8695A1}.Release|Any CPU.ActiveCfg = Release|Any CPU
		{6273EBFD-6738-4ACE-861C-0BC15D8695A1}.Release|Any CPU.Build.0 = Release|Any CPU
		{03225929-E74E-44F0-A837-78FFF9E05437}.Debug|Any CPU.ActiveCfg = Debug|Any CPU
		{03225929-E74E-44F0-A837-78FFF9E05437}.Debug|Any CPU.Build.0 = Debug|Any CPU
		{03225929-E74E-44F0-A837-78FFF9E05437}.Release|Any CPU.ActiveCfg = Release|Any CPU
		{03225929-E74E-44F0-A837-78FFF9E05437}.Release|Any CPU.Build.0 = Release|Any CPU
	EndGlobalSection
	GlobalSection(SolutionProperties) = preSolution
		HideSolutionNode = FALSE
	EndGlobalSection
	GlobalSection(ExtensibilityGlobals) = postSolution
		SolutionGuid = {E395A6D6-0780-442A-85F7-560B5652A54B}
	EndGlobalSection
EndGlobal
